// !$*UTF8*$!
{
	archiveVersion = 1;
	classes = {
	};
	objectVersion = 56;
	objects = {

/* Begin PBXBuildFile section */
		7C1611502AE144BD000E6B9E /* ProfileViewController.swift in Sources */ = {isa = PBXBuildFile; fileRef = 7C16114F2AE144BD000E6B9E /* ProfileViewController.swift */; };
		7C1611532AE16743000E6B9E /* SingleImageViewController.swift in Sources */ = {isa = PBXBuildFile; fileRef = 7C1611522AE16743000E6B9E /* SingleImageViewController.swift */; };
		7C1611562AE2517B000E6B9E /* SharingActivityPresenter.swift in Sources */ = {isa = PBXBuildFile; fileRef = 7C1611552AE2517B000E6B9E /* SharingActivityPresenter.swift */; };
		7C1611582AE25200000E6B9E /* SharingActivityPresenterProtocol.swift in Sources */ = {isa = PBXBuildFile; fileRef = 7C1611572AE25200000E6B9E /* SharingActivityPresenterProtocol.swift */; };
		7C51F7E12B3BFD440096784D /* ProfileViewControllerProtocol.swift in Sources */ = {isa = PBXBuildFile; fileRef = 7C51F7E02B3BFD440096784D /* ProfileViewControllerProtocol.swift */; };
		7C51F7E32B3BFD850096784D /* ProfileViewPresenterProtocol.swift in Sources */ = {isa = PBXBuildFile; fileRef = 7C51F7E22B3BFD850096784D /* ProfileViewPresenterProtocol.swift */; };
		7C51F7E52B3C03740096784D /* ProfileViewPesenter.swift in Sources */ = {isa = PBXBuildFile; fileRef = 7C51F7E42B3C03740096784D /* ProfileViewPesenter.swift */; };
		7C59F63B2B337B2E004C138F /* CleanCookieStorage.swift in Sources */ = {isa = PBXBuildFile; fileRef = 7C59F63A2B337B2E004C138F /* CleanCookieStorage.swift */; };
		7C59F63D2B340F8C004C138F /* AlertPresenterTwoButtons.swift in Sources */ = {isa = PBXBuildFile; fileRef = 7C59F63C2B340F8C004C138F /* AlertPresenterTwoButtons.swift */; };
		7C59F63F2B3410A2004C138F /* TwoButtonsAlertModel.swift in Sources */ = {isa = PBXBuildFile; fileRef = 7C59F63E2B3410A2004C138F /* TwoButtonsAlertModel.swift */; };
		7C59F6482B38ABB9004C138F /* WebViewViewControllerProtocol.swift in Sources */ = {isa = PBXBuildFile; fileRef = 7C59F6472B38ABB9004C138F /* WebViewViewControllerProtocol.swift */; };
		7C59F64A2B38AC31004C138F /* WebViewPresenterProtocol.swift in Sources */ = {isa = PBXBuildFile; fileRef = 7C59F6492B38AC31004C138F /* WebViewPresenterProtocol.swift */; };
		7C59F64C2B38AC50004C138F /* WebViewPresenter.swift in Sources */ = {isa = PBXBuildFile; fileRef = 7C59F64B2B38AC50004C138F /* WebViewPresenter.swift */; };
		7C59F64F2B392EAD004C138F /* AuthHelperProtocol.swift in Sources */ = {isa = PBXBuildFile; fileRef = 7C59F64E2B392EAD004C138F /* AuthHelperProtocol.swift */; };
		7C59F6512B392ECD004C138F /* AuthHelper.swift in Sources */ = {isa = PBXBuildFile; fileRef = 7C59F6502B392ECD004C138F /* AuthHelper.swift */; };
		7C5DD5C72AF91083003F95B2 /* AuthConfiguration.swift in Sources */ = {isa = PBXBuildFile; fileRef = 7C5DD5C62AF91083003F95B2 /* AuthConfiguration.swift */; };
		7C5DD5C92AFA22E5003F95B2 /* AuthViewController.swift in Sources */ = {isa = PBXBuildFile; fileRef = 7C5DD5C82AFA22E5003F95B2 /* AuthViewController.swift */; };
		7C5DD5CC2AFA2E60003F95B2 /* WebViewViewController.swift in Sources */ = {isa = PBXBuildFile; fileRef = 7C5DD5CB2AFA2E60003F95B2 /* WebViewViewController.swift */; };
		7C5DD5CE2AFA43D2003F95B2 /* WebViewViewControllerDelegate.swift in Sources */ = {isa = PBXBuildFile; fileRef = 7C5DD5CD2AFA43D2003F95B2 /* WebViewViewControllerDelegate.swift */; };
		7C716FA02AFAB00B00648C04 /* SplashViewController.swift in Sources */ = {isa = PBXBuildFile; fileRef = 7C716F9F2AFAB00B00648C04 /* SplashViewController.swift */; };
		7C716FA32AFAB55000648C04 /* AuthViewControllerDelegate.swift in Sources */ = {isa = PBXBuildFile; fileRef = 7C716FA22AFAB55000648C04 /* AuthViewControllerDelegate.swift */; };
		7C8105442B21ECD1001A4206 /* JSONPhotoResultModel.swift in Sources */ = {isa = PBXBuildFile; fileRef = 7C8105432B21ECD1001A4206 /* JSONPhotoResultModel.swift */; };
		7C8105472B21EE2E001A4206 /* PhotosViewModel.swift in Sources */ = {isa = PBXBuildFile; fileRef = 7C8105462B21EE2E001A4206 /* PhotosViewModel.swift */; };
		7C8105492B21EEBA001A4206 /* ImagesListService.swift in Sources */ = {isa = PBXBuildFile; fileRef = 7C8105482B21EEBA001A4206 /* ImagesListService.swift */; };
		7C81054B2B22F266001A4206 /* String+Extensions.swift.swift in Sources */ = {isa = PBXBuildFile; fileRef = 7C81054A2B22F266001A4206 /* String+Extensions.swift.swift */; };
		7C81054D2B282B23001A4206 /* MyKFIndicator.swift in Sources */ = {isa = PBXBuildFile; fileRef = 7C81054C2B282B23001A4206 /* MyKFIndicator.swift */; };
		7C87CAEF2B305EEF009DE864 /* Array + Extension.swift in Sources */ = {isa = PBXBuildFile; fileRef = 7C87CAEE2B305EEF009DE864 /* Array + Extension.swift */; };
		7C87CAF12B30635D009DE864 /* ImagesListCellDelegate.swift in Sources */ = {isa = PBXBuildFile; fileRef = 7C87CAF02B30635D009DE864 /* ImagesListCellDelegate.swift */; };
		7C87CAF52B30D3EA009DE864 /* ErrorTwoButtonsAlertModel.swift in Sources */ = {isa = PBXBuildFile; fileRef = 7C87CAF42B30D3EA009DE864 /* ErrorTwoButtonsAlertModel.swift */; };
		7C87CAF72B30D687009DE864 /* AlertPresenterTwoButtonsDelegate.swift in Sources */ = {isa = PBXBuildFile; fileRef = 7C87CAF62B30D687009DE864 /* AlertPresenterTwoButtonsDelegate.swift */; };
		7C87CAF92B30DA12009DE864 /* AlertPresenterTwoButtonsProtocol.swift in Sources */ = {isa = PBXBuildFile; fileRef = 7C87CAF82B30DA12009DE864 /* AlertPresenterTwoButtonsProtocol.swift */; };
		7C8A576C2B17CB8F00DCBC45 /* ProgressHUD in Frameworks */ = {isa = PBXBuildFile; productRef = 7C8A576B2B17CB8F00DCBC45 /* ProgressHUD */; };
		7C8A576E2B18729400DCBC45 /* ProfileImageService.swift in Sources */ = {isa = PBXBuildFile; fileRef = 7C8A576D2B18729400DCBC45 /* ProfileImageService.swift */; };
		7C8A57712B19AA8D00DCBC45 /* Kingfisher in Frameworks */ = {isa = PBXBuildFile; productRef = 7C8A57702B19AA8D00DCBC45 /* Kingfisher */; };
		7C8A57742B1CE92700DCBC45 /* SwiftKeychainWrapper in Frameworks */ = {isa = PBXBuildFile; productRef = 7C8A57732B1CE92700DCBC45 /* SwiftKeychainWrapper */; };
		7C8A57762B1CE97100DCBC45 /* StorageProtocol.swift in Sources */ = {isa = PBXBuildFile; fileRef = 7C8A57752B1CE97100DCBC45 /* StorageProtocol.swift */; };
		7C8A57782B1CE9DC00DCBC45 /* OAuth2TokenStorage.swift in Sources */ = {isa = PBXBuildFile; fileRef = 7C8A57772B1CE9DC00DCBC45 /* OAuth2TokenStorage.swift */; };
		7C8A57832B1D2ACC00DCBC45 /* TabBarController.swift in Sources */ = {isa = PBXBuildFile; fileRef = 7C8A57822B1D2ACC00DCBC45 /* TabBarController.swift */; };
		7CA33F532B3D991D00F25186 /* ProfileViewHelperProtocol.swift in Sources */ = {isa = PBXBuildFile; fileRef = 7CA33F522B3D991D00F25186 /* ProfileViewHelperProtocol.swift */; };
		7CA33F552B3D9AB800F25186 /* ProfileViewHelper.swift in Sources */ = {isa = PBXBuildFile; fileRef = 7CA33F542B3D9AB800F25186 /* ProfileViewHelper.swift */; };
		7CA33F572B3DD0B600F25186 /* ProfileViewModel.swift in Sources */ = {isa = PBXBuildFile; fileRef = 7CA33F562B3DD0B600F25186 /* ProfileViewModel.swift */; };
		7CA33F592B3EC23F00F25186 /* ProfileViewRouter.swift in Sources */ = {isa = PBXBuildFile; fileRef = 7CA33F582B3EC23F00F25186 /* ProfileViewRouter.swift */; };
		7CA33F5B2B3EC26500F25186 /* ProfileViewRouterProtocol.swift in Sources */ = {isa = PBXBuildFile; fileRef = 7CA33F5A2B3EC26500F25186 /* ProfileViewRouterProtocol.swift */; };
		7CA33F5D2B3ED06A00F25186 /* ProfileViewPresenterSpy.swift in Sources */ = {isa = PBXBuildFile; fileRef = 7CA33F5C2B3ED06A00F25186 /* ProfileViewPresenterSpy.swift */; };
		7CF0ABC62B162B3B00920A87 /* UIBlockingProgressHUD.swift in Sources */ = {isa = PBXBuildFile; fileRef = 7CF0ABC52B162B3B00920A87 /* UIBlockingProgressHUD.swift */; };
		7CF0ABC82B162F4200920A87 /* ProfileService.swift in Sources */ = {isa = PBXBuildFile; fileRef = 7CF0ABC72B162F4200920A87 /* ProfileService.swift */; };
		7CF0ABCA2B162F8700920A87 /* JSONResultsModels.swift in Sources */ = {isa = PBXBuildFile; fileRef = 7CF0ABC92B162F8700920A87 /* JSONResultsModels.swift */; };
		7CF0ABCD2B1631D200920A87 /* ProfileModel.swift in Sources */ = {isa = PBXBuildFile; fileRef = 7CF0ABCC2B1631D200920A87 /* ProfileModel.swift */; };
		7CF0ABD12B170E4900920A87 /* NetworkError.swift in Sources */ = {isa = PBXBuildFile; fileRef = 7CF0ABD02B170E4900920A87 /* NetworkError.swift */; };
		841BF5522AD70074001C919E /* GradientView.swift in Sources */ = {isa = PBXBuildFile; fileRef = 841BF5512AD70074001C919E /* GradientView.swift */; };
		8448E8042B30AE5B00058A24 /* ErrorAlertPresenterTwoButtons.swift in Sources */ = {isa = PBXBuildFile; fileRef = 8448E8032B30AE5B00058A24 /* ErrorAlertPresenterTwoButtons.swift */; };
		844AEA022B1777D60021813E /* Constants.swift in Sources */ = {isa = PBXBuildFile; fileRef = 844AEA012B1777D60021813E /* Constants.swift */; };
		844AEA052B18B0790021813E /* Extension+URLSession.swift in Sources */ = {isa = PBXBuildFile; fileRef = 844AEA042B18B0790021813E /* Extension+URLSession.swift */; };
		844AEA072B18D01C0021813E /* ErrorAlertModel.swift in Sources */ = {isa = PBXBuildFile; fileRef = 844AEA062B18D01C0021813E /* ErrorAlertModel.swift */; };
		844AEA092B18D0470021813E /* ErrorAlertPresenterProtocol.swift in Sources */ = {isa = PBXBuildFile; fileRef = 844AEA082B18D0470021813E /* ErrorAlertPresenterProtocol.swift */; };
		844AEA0B2B18D0650021813E /* ErrorAlertPresenterDelegate.swift in Sources */ = {isa = PBXBuildFile; fileRef = 844AEA0A2B18D0650021813E /* ErrorAlertPresenterDelegate.swift */; };
		844AEA0D2B18D0830021813E /* ErrorAlertPresenter.swift in Sources */ = {isa = PBXBuildFile; fileRef = 844AEA0C2B18D0830021813E /* ErrorAlertPresenter.swift */; };
		845A1CA02B3A929200C2845F /* WebViewTests.swift in Sources */ = {isa = PBXBuildFile; fileRef = 7CE040312B398D1E00DD3D76 /* WebViewTests.swift */; };
		845A1CA92B3A93F000C2845F /* ProfileViewTests.swift in Sources */ = {isa = PBXBuildFile; fileRef = 845A1CA82B3A93F000C2845F /* ProfileViewTests.swift */; };
		845A1CB02B3A984D00C2845F /* WebViewViewControllerSpy.swift in Sources */ = {isa = PBXBuildFile; fileRef = 845A1CAF2B3A984D00C2845F /* WebViewViewControllerSpy.swift */; };
		845A1CB22B3A99C400C2845F /* AuthHelperTests.swift in Sources */ = {isa = PBXBuildFile; fileRef = 845A1CB12B3A99C400C2845F /* AuthHelperTests.swift */; };
		84957CF12AE2D40F00C59155 /* SharingActivityPresenterDelegate.swift in Sources */ = {isa = PBXBuildFile; fileRef = 84957CF02AE2D40F00C59155 /* SharingActivityPresenterDelegate.swift */; };
		84D2CAA32B3A8EC00069C25E /* WebViewPresenterSpy.swift in Sources */ = {isa = PBXBuildFile; fileRef = 84D2CAA22B3A8EC00069C25E /* WebViewPresenterSpy.swift */; };
		84EC42322ACFE2CC009BE44E /* AppDelegate.swift in Sources */ = {isa = PBXBuildFile; fileRef = 84EC42312ACFE2CC009BE44E /* AppDelegate.swift */; };
		84EC42342ACFE2CC009BE44E /* SceneDelegate.swift in Sources */ = {isa = PBXBuildFile; fileRef = 84EC42332ACFE2CC009BE44E /* SceneDelegate.swift */; };
		84EC42362ACFE2CC009BE44E /* ImagesListViewController.swift in Sources */ = {isa = PBXBuildFile; fileRef = 84EC42352ACFE2CC009BE44E /* ImagesListViewController.swift */; };
		84EC42392ACFE2CC009BE44E /* Main.storyboard in Resources */ = {isa = PBXBuildFile; fileRef = 84EC42372ACFE2CC009BE44E /* Main.storyboard */; };
		84EC423B2ACFE2CF009BE44E /* Assets.xcassets in Resources */ = {isa = PBXBuildFile; fileRef = 84EC423A2ACFE2CF009BE44E /* Assets.xcassets */; };
		84EC423E2ACFE2CF009BE44E /* LaunchScreen.storyboard in Resources */ = {isa = PBXBuildFile; fileRef = 84EC423C2ACFE2CF009BE44E /* LaunchScreen.storyboard */; };
		84EC42472AD064C0009BE44E /* UIColors+Extensions.swift in Sources */ = {isa = PBXBuildFile; fileRef = 84EC42462AD064C0009BE44E /* UIColors+Extensions.swift */; };
		84EC42692AD08AD5009BE44E /* ImagesListCell.swift in Sources */ = {isa = PBXBuildFile; fileRef = 84EC42682AD08AD5009BE44E /* ImagesListCell.swift */; };
		84F09AF82AFA86FF0052C19F /* OAuthTokenResponseBodyModel.swift in Sources */ = {isa = PBXBuildFile; fileRef = 84F09AF72AFA86FF0052C19F /* OAuthTokenResponseBodyModel.swift */; };
		84F09AFC2AFA87780052C19F /* OAuth2Service.swift in Sources */ = {isa = PBXBuildFile; fileRef = 84F09AFB2AFA87780052C19F /* OAuth2Service.swift */; };
/* End PBXBuildFile section */

/* Begin PBXContainerItemProxy section */
		7CE040332B398D1E00DD3D76 /* PBXContainerItemProxy */ = {
			isa = PBXContainerItemProxy;
			containerPortal = 84EC42262ACFE2CC009BE44E /* Project object */;
			proxyType = 1;
			remoteGlobalIDString = 84EC422D2ACFE2CC009BE44E;
			remoteInfo = ImageFeed;
		};
		845A1CAA2B3A93F000C2845F /* PBXContainerItemProxy */ = {
			isa = PBXContainerItemProxy;
			containerPortal = 84EC42262ACFE2CC009BE44E /* Project object */;
			proxyType = 1;
			remoteGlobalIDString = 84EC422D2ACFE2CC009BE44E;
			remoteInfo = ImageFeed;
		};
/* End PBXContainerItemProxy section */

/* Begin PBXFileReference section */
		7C16114F2AE144BD000E6B9E /* ProfileViewController.swift */ = {isa = PBXFileReference; lastKnownFileType = sourcecode.swift; path = ProfileViewController.swift; sourceTree = "<group>"; };
		7C1611522AE16743000E6B9E /* SingleImageViewController.swift */ = {isa = PBXFileReference; lastKnownFileType = sourcecode.swift; path = SingleImageViewController.swift; sourceTree = "<group>"; };
		7C1611552AE2517B000E6B9E /* SharingActivityPresenter.swift */ = {isa = PBXFileReference; lastKnownFileType = sourcecode.swift; path = SharingActivityPresenter.swift; sourceTree = "<group>"; };
		7C1611572AE25200000E6B9E /* SharingActivityPresenterProtocol.swift */ = {isa = PBXFileReference; lastKnownFileType = sourcecode.swift; path = SharingActivityPresenterProtocol.swift; sourceTree = "<group>"; };
		7C51F7E02B3BFD440096784D /* ProfileViewControllerProtocol.swift */ = {isa = PBXFileReference; lastKnownFileType = sourcecode.swift; path = ProfileViewControllerProtocol.swift; sourceTree = "<group>"; };
		7C51F7E22B3BFD850096784D /* ProfileViewPresenterProtocol.swift */ = {isa = PBXFileReference; lastKnownFileType = sourcecode.swift; path = ProfileViewPresenterProtocol.swift; sourceTree = "<group>"; };
		7C51F7E42B3C03740096784D /* ProfileViewPesenter.swift */ = {isa = PBXFileReference; lastKnownFileType = sourcecode.swift; path = ProfileViewPesenter.swift; sourceTree = "<group>"; };
		7C59F63A2B337B2E004C138F /* CleanCookieStorage.swift */ = {isa = PBXFileReference; lastKnownFileType = sourcecode.swift; path = CleanCookieStorage.swift; sourceTree = "<group>"; };
		7C59F63C2B340F8C004C138F /* AlertPresenterTwoButtons.swift */ = {isa = PBXFileReference; lastKnownFileType = sourcecode.swift; path = AlertPresenterTwoButtons.swift; sourceTree = "<group>"; };
		7C59F63E2B3410A2004C138F /* TwoButtonsAlertModel.swift */ = {isa = PBXFileReference; lastKnownFileType = sourcecode.swift; path = TwoButtonsAlertModel.swift; sourceTree = "<group>"; };
		7C59F6472B38ABB9004C138F /* WebViewViewControllerProtocol.swift */ = {isa = PBXFileReference; lastKnownFileType = sourcecode.swift; path = WebViewViewControllerProtocol.swift; sourceTree = "<group>"; };
		7C59F6492B38AC31004C138F /* WebViewPresenterProtocol.swift */ = {isa = PBXFileReference; lastKnownFileType = sourcecode.swift; path = WebViewPresenterProtocol.swift; sourceTree = "<group>"; };
		7C59F64B2B38AC50004C138F /* WebViewPresenter.swift */ = {isa = PBXFileReference; lastKnownFileType = sourcecode.swift; path = WebViewPresenter.swift; sourceTree = "<group>"; };
		7C59F64E2B392EAD004C138F /* AuthHelperProtocol.swift */ = {isa = PBXFileReference; lastKnownFileType = sourcecode.swift; path = AuthHelperProtocol.swift; sourceTree = "<group>"; };
		7C59F6502B392ECD004C138F /* AuthHelper.swift */ = {isa = PBXFileReference; lastKnownFileType = sourcecode.swift; path = AuthHelper.swift; sourceTree = "<group>"; };
		7C5DD5C62AF91083003F95B2 /* AuthConfiguration.swift */ = {isa = PBXFileReference; lastKnownFileType = sourcecode.swift; path = AuthConfiguration.swift; sourceTree = "<group>"; };
		7C5DD5C82AFA22E5003F95B2 /* AuthViewController.swift */ = {isa = PBXFileReference; lastKnownFileType = sourcecode.swift; path = AuthViewController.swift; sourceTree = "<group>"; };
		7C5DD5CB2AFA2E60003F95B2 /* WebViewViewController.swift */ = {isa = PBXFileReference; lastKnownFileType = sourcecode.swift; path = WebViewViewController.swift; sourceTree = "<group>"; };
		7C5DD5CD2AFA43D2003F95B2 /* WebViewViewControllerDelegate.swift */ = {isa = PBXFileReference; lastKnownFileType = sourcecode.swift; path = WebViewViewControllerDelegate.swift; sourceTree = "<group>"; };
		7C716F9F2AFAB00B00648C04 /* SplashViewController.swift */ = {isa = PBXFileReference; lastKnownFileType = sourcecode.swift; path = SplashViewController.swift; sourceTree = "<group>"; };
		7C716FA22AFAB55000648C04 /* AuthViewControllerDelegate.swift */ = {isa = PBXFileReference; lastKnownFileType = sourcecode.swift; path = AuthViewControllerDelegate.swift; sourceTree = "<group>"; };
		7C8105432B21ECD1001A4206 /* JSONPhotoResultModel.swift */ = {isa = PBXFileReference; lastKnownFileType = sourcecode.swift; path = JSONPhotoResultModel.swift; sourceTree = "<group>"; };
		7C8105462B21EE2E001A4206 /* PhotosViewModel.swift */ = {isa = PBXFileReference; lastKnownFileType = sourcecode.swift; path = PhotosViewModel.swift; sourceTree = "<group>"; };
		7C8105482B21EEBA001A4206 /* ImagesListService.swift */ = {isa = PBXFileReference; lastKnownFileType = sourcecode.swift; path = ImagesListService.swift; sourceTree = "<group>"; };
		7C81054A2B22F266001A4206 /* String+Extensions.swift.swift */ = {isa = PBXFileReference; lastKnownFileType = sourcecode.swift; path = "String+Extensions.swift.swift"; sourceTree = "<group>"; };
		7C81054C2B282B23001A4206 /* MyKFIndicator.swift */ = {isa = PBXFileReference; lastKnownFileType = sourcecode.swift; path = MyKFIndicator.swift; sourceTree = "<group>"; };
		7C87CAEE2B305EEF009DE864 /* Array + Extension.swift */ = {isa = PBXFileReference; lastKnownFileType = sourcecode.swift; path = "Array + Extension.swift"; sourceTree = "<group>"; };
		7C87CAF02B30635D009DE864 /* ImagesListCellDelegate.swift */ = {isa = PBXFileReference; lastKnownFileType = sourcecode.swift; path = ImagesListCellDelegate.swift; sourceTree = "<group>"; };
		7C87CAF42B30D3EA009DE864 /* ErrorTwoButtonsAlertModel.swift */ = {isa = PBXFileReference; lastKnownFileType = sourcecode.swift; path = ErrorTwoButtonsAlertModel.swift; sourceTree = "<group>"; };
		7C87CAF62B30D687009DE864 /* AlertPresenterTwoButtonsDelegate.swift */ = {isa = PBXFileReference; lastKnownFileType = sourcecode.swift; path = AlertPresenterTwoButtonsDelegate.swift; sourceTree = "<group>"; };
		7C87CAF82B30DA12009DE864 /* AlertPresenterTwoButtonsProtocol.swift */ = {isa = PBXFileReference; lastKnownFileType = sourcecode.swift; path = AlertPresenterTwoButtonsProtocol.swift; sourceTree = "<group>"; };
		7C8A576D2B18729400DCBC45 /* ProfileImageService.swift */ = {isa = PBXFileReference; lastKnownFileType = sourcecode.swift; path = ProfileImageService.swift; sourceTree = "<group>"; };
		7C8A57752B1CE97100DCBC45 /* StorageProtocol.swift */ = {isa = PBXFileReference; lastKnownFileType = sourcecode.swift; path = StorageProtocol.swift; sourceTree = "<group>"; };
		7C8A57772B1CE9DC00DCBC45 /* OAuth2TokenStorage.swift */ = {isa = PBXFileReference; lastKnownFileType = sourcecode.swift; path = OAuth2TokenStorage.swift; sourceTree = "<group>"; };
		7C8A57822B1D2ACC00DCBC45 /* TabBarController.swift */ = {isa = PBXFileReference; lastKnownFileType = sourcecode.swift; path = TabBarController.swift; sourceTree = "<group>"; };
		7C8A578B2B1F963C00DCBC45 /* ImageFeed.entitlements */ = {isa = PBXFileReference; lastKnownFileType = text.plist.entitlements; path = ImageFeed.entitlements; sourceTree = "<group>"; };
		7CA33F522B3D991D00F25186 /* ProfileViewHelperProtocol.swift */ = {isa = PBXFileReference; lastKnownFileType = sourcecode.swift; path = ProfileViewHelperProtocol.swift; sourceTree = "<group>"; };
		7CA33F542B3D9AB800F25186 /* ProfileViewHelper.swift */ = {isa = PBXFileReference; lastKnownFileType = sourcecode.swift; path = ProfileViewHelper.swift; sourceTree = "<group>"; };
		7CA33F562B3DD0B600F25186 /* ProfileViewModel.swift */ = {isa = PBXFileReference; lastKnownFileType = sourcecode.swift; path = ProfileViewModel.swift; sourceTree = "<group>"; };
		7CA33F582B3EC23F00F25186 /* ProfileViewRouter.swift */ = {isa = PBXFileReference; lastKnownFileType = sourcecode.swift; path = ProfileViewRouter.swift; sourceTree = "<group>"; };
		7CA33F5A2B3EC26500F25186 /* ProfileViewRouterProtocol.swift */ = {isa = PBXFileReference; lastKnownFileType = sourcecode.swift; path = ProfileViewRouterProtocol.swift; sourceTree = "<group>"; };
		7CA33F5C2B3ED06A00F25186 /* ProfileViewPresenterSpy.swift */ = {isa = PBXFileReference; lastKnownFileType = sourcecode.swift; path = ProfileViewPresenterSpy.swift; sourceTree = "<group>"; };
		7CE0402F2B398D1E00DD3D76 /* WebViewTests.xctest */ = {isa = PBXFileReference; explicitFileType = wrapper.cfbundle; includeInIndex = 0; path = WebViewTests.xctest; sourceTree = BUILT_PRODUCTS_DIR; };
		7CE040312B398D1E00DD3D76 /* WebViewTests.swift */ = {isa = PBXFileReference; lastKnownFileType = sourcecode.swift; path = WebViewTests.swift; sourceTree = "<group>"; };
		7CF0ABC52B162B3B00920A87 /* UIBlockingProgressHUD.swift */ = {isa = PBXFileReference; lastKnownFileType = sourcecode.swift; path = UIBlockingProgressHUD.swift; sourceTree = "<group>"; };
		7CF0ABC72B162F4200920A87 /* ProfileService.swift */ = {isa = PBXFileReference; lastKnownFileType = sourcecode.swift; path = ProfileService.swift; sourceTree = "<group>"; };
		7CF0ABC92B162F8700920A87 /* JSONResultsModels.swift */ = {isa = PBXFileReference; lastKnownFileType = sourcecode.swift; path = JSONResultsModels.swift; sourceTree = "<group>"; };
		7CF0ABCC2B1631D200920A87 /* ProfileModel.swift */ = {isa = PBXFileReference; lastKnownFileType = sourcecode.swift; path = ProfileModel.swift; sourceTree = "<group>"; };
		7CF0ABD02B170E4900920A87 /* NetworkError.swift */ = {isa = PBXFileReference; lastKnownFileType = sourcecode.swift; path = NetworkError.swift; sourceTree = "<group>"; };
		841BF5512AD70074001C919E /* GradientView.swift */ = {isa = PBXFileReference; lastKnownFileType = sourcecode.swift; path = GradientView.swift; sourceTree = "<group>"; };
		8448E8032B30AE5B00058A24 /* ErrorAlertPresenterTwoButtons.swift */ = {isa = PBXFileReference; lastKnownFileType = sourcecode.swift; path = ErrorAlertPresenterTwoButtons.swift; sourceTree = "<group>"; };
		844AEA012B1777D60021813E /* Constants.swift */ = {isa = PBXFileReference; lastKnownFileType = sourcecode.swift; path = Constants.swift; sourceTree = "<group>"; };
		844AEA042B18B0790021813E /* Extension+URLSession.swift */ = {isa = PBXFileReference; lastKnownFileType = sourcecode.swift; path = "Extension+URLSession.swift"; sourceTree = "<group>"; };
		844AEA062B18D01C0021813E /* ErrorAlertModel.swift */ = {isa = PBXFileReference; lastKnownFileType = sourcecode.swift; path = ErrorAlertModel.swift; sourceTree = "<group>"; };
		844AEA082B18D0470021813E /* ErrorAlertPresenterProtocol.swift */ = {isa = PBXFileReference; lastKnownFileType = sourcecode.swift; path = ErrorAlertPresenterProtocol.swift; sourceTree = "<group>"; };
		844AEA0A2B18D0650021813E /* ErrorAlertPresenterDelegate.swift */ = {isa = PBXFileReference; lastKnownFileType = sourcecode.swift; path = ErrorAlertPresenterDelegate.swift; sourceTree = "<group>"; };
		844AEA0C2B18D0830021813E /* ErrorAlertPresenter.swift */ = {isa = PBXFileReference; lastKnownFileType = sourcecode.swift; path = ErrorAlertPresenter.swift; sourceTree = "<group>"; };
		845A1CA62B3A93F000C2845F /* ProfileViewTests.xctest */ = {isa = PBXFileReference; explicitFileType = wrapper.cfbundle; includeInIndex = 0; path = ProfileViewTests.xctest; sourceTree = BUILT_PRODUCTS_DIR; };
		845A1CA82B3A93F000C2845F /* ProfileViewTests.swift */ = {isa = PBXFileReference; lastKnownFileType = sourcecode.swift; path = ProfileViewTests.swift; sourceTree = "<group>"; };
		845A1CAF2B3A984D00C2845F /* WebViewViewControllerSpy.swift */ = {isa = PBXFileReference; lastKnownFileType = sourcecode.swift; path = WebViewViewControllerSpy.swift; sourceTree = "<group>"; };
		845A1CB12B3A99C400C2845F /* AuthHelperTests.swift */ = {isa = PBXFileReference; lastKnownFileType = sourcecode.swift; path = AuthHelperTests.swift; sourceTree = "<group>"; };
		845C8D872B39E825001763E2 /* ImageFeed.xctestplan */ = {isa = PBXFileReference; lastKnownFileType = text; path = ImageFeed.xctestplan; sourceTree = "<group>"; };
		84957CF02AE2D40F00C59155 /* SharingActivityPresenterDelegate.swift */ = {isa = PBXFileReference; fileEncoding = 4; lastKnownFileType = sourcecode.swift; path = SharingActivityPresenterDelegate.swift; sourceTree = "<group>"; };
		84D2CAA22B3A8EC00069C25E /* WebViewPresenterSpy.swift */ = {isa = PBXFileReference; lastKnownFileType = sourcecode.swift; path = WebViewPresenterSpy.swift; sourceTree = "<group>"; };
		84EC422E2ACFE2CC009BE44E /* ImageFeed.app */ = {isa = PBXFileReference; explicitFileType = wrapper.application; includeInIndex = 0; path = ImageFeed.app; sourceTree = BUILT_PRODUCTS_DIR; };
		84EC42312ACFE2CC009BE44E /* AppDelegate.swift */ = {isa = PBXFileReference; lastKnownFileType = sourcecode.swift; path = AppDelegate.swift; sourceTree = "<group>"; };
		84EC42332ACFE2CC009BE44E /* SceneDelegate.swift */ = {isa = PBXFileReference; lastKnownFileType = sourcecode.swift; path = SceneDelegate.swift; sourceTree = "<group>"; };
		84EC42352ACFE2CC009BE44E /* ImagesListViewController.swift */ = {isa = PBXFileReference; lastKnownFileType = sourcecode.swift; path = ImagesListViewController.swift; sourceTree = "<group>"; };
		84EC42382ACFE2CC009BE44E /* Base */ = {isa = PBXFileReference; lastKnownFileType = file.storyboard; name = Base; path = Base.lproj/Main.storyboard; sourceTree = "<group>"; };
		84EC423A2ACFE2CF009BE44E /* Assets.xcassets */ = {isa = PBXFileReference; lastKnownFileType = folder.assetcatalog; path = Assets.xcassets; sourceTree = "<group>"; };
		84EC423D2ACFE2CF009BE44E /* Base */ = {isa = PBXFileReference; lastKnownFileType = file.storyboard; name = Base; path = Base.lproj/LaunchScreen.storyboard; sourceTree = "<group>"; };
		84EC423F2ACFE2D0009BE44E /* Info.plist */ = {isa = PBXFileReference; lastKnownFileType = text.plist.xml; path = Info.plist; sourceTree = "<group>"; };
		84EC42462AD064C0009BE44E /* UIColors+Extensions.swift */ = {isa = PBXFileReference; lastKnownFileType = sourcecode.swift; path = "UIColors+Extensions.swift"; sourceTree = "<group>"; };
		84EC42682AD08AD5009BE44E /* ImagesListCell.swift */ = {isa = PBXFileReference; lastKnownFileType = sourcecode.swift; path = ImagesListCell.swift; sourceTree = "<group>"; };
		84F09AF72AFA86FF0052C19F /* OAuthTokenResponseBodyModel.swift */ = {isa = PBXFileReference; lastKnownFileType = sourcecode.swift; path = OAuthTokenResponseBodyModel.swift; sourceTree = "<group>"; };
		84F09AFB2AFA87780052C19F /* OAuth2Service.swift */ = {isa = PBXFileReference; lastKnownFileType = sourcecode.swift; path = OAuth2Service.swift; sourceTree = "<group>"; };
/* End PBXFileReference section */

/* Begin PBXFrameworksBuildPhase section */
		7CE0402C2B398D1E00DD3D76 /* Frameworks */ = {
			isa = PBXFrameworksBuildPhase;
			buildActionMask = 2147483647;
			files = (
			);
			runOnlyForDeploymentPostprocessing = 0;
		};
		845A1CA32B3A93F000C2845F /* Frameworks */ = {
			isa = PBXFrameworksBuildPhase;
			buildActionMask = 2147483647;
			files = (
			);
			runOnlyForDeploymentPostprocessing = 0;
		};
		84EC422B2ACFE2CC009BE44E /* Frameworks */ = {
			isa = PBXFrameworksBuildPhase;
			buildActionMask = 2147483647;
			files = (
				7C8A57712B19AA8D00DCBC45 /* Kingfisher in Frameworks */,
				7C8A576C2B17CB8F00DCBC45 /* ProgressHUD in Frameworks */,
				7C8A57742B1CE92700DCBC45 /* SwiftKeychainWrapper in Frameworks */,
			);
			runOnlyForDeploymentPostprocessing = 0;
		};
/* End PBXFrameworksBuildPhase section */

/* Begin PBXGroup section */
		7C1611512AE14E82000E6B9E /* Profile */ = {
			isa = PBXGroup;
			children = (
				7C16114F2AE144BD000E6B9E /* ProfileViewController.swift */,
				7C51F7E42B3C03740096784D /* ProfileViewPesenter.swift */,
				7CA33F542B3D9AB800F25186 /* ProfileViewHelper.swift */,
				7CA33F582B3EC23F00F25186 /* ProfileViewRouter.swift */,
				7CA33F562B3DD0B600F25186 /* ProfileViewModel.swift */,
				7C51F7E02B3BFD440096784D /* ProfileViewControllerProtocol.swift */,
				7C51F7E22B3BFD850096784D /* ProfileViewPresenterProtocol.swift */,
				7CA33F522B3D991D00F25186 /* ProfileViewHelperProtocol.swift */,
				7CA33F5A2B3EC26500F25186 /* ProfileViewRouterProtocol.swift */,
			);
			path = Profile;
			sourceTree = "<group>";
		};
		7C1611542AE16A5F000E6B9E /* SingleImageViewController */ = {
			isa = PBXGroup;
			children = (
				7C1611522AE16743000E6B9E /* SingleImageViewController.swift */,
			);
			path = SingleImageViewController;
			sourceTree = "<group>";
		};
		7C16115B2AE2604A000E6B9E /* SharingActivityPresenter */ = {
			isa = PBXGroup;
			children = (
				7C1611552AE2517B000E6B9E /* SharingActivityPresenter.swift */,
				7C1611572AE25200000E6B9E /* SharingActivityPresenterProtocol.swift */,
				84957CF02AE2D40F00C59155 /* SharingActivityPresenterDelegate.swift */,
			);
			path = SharingActivityPresenter;
			sourceTree = "<group>";
		};
		7C59F6402B3416C7004C138F /* ErrorAlert */ = {
			isa = PBXGroup;
			children = (
				8448E8032B30AE5B00058A24 /* ErrorAlertPresenterTwoButtons.swift */,
				7C87CAF42B30D3EA009DE864 /* ErrorTwoButtonsAlertModel.swift */,
			);
			path = ErrorAlert;
			sourceTree = "<group>";
		};
		7C59F6412B3416D8004C138F /* Alert */ = {
			isa = PBXGroup;
			children = (
				7C59F63C2B340F8C004C138F /* AlertPresenterTwoButtons.swift */,
				7C59F63E2B3410A2004C138F /* TwoButtonsAlertModel.swift */,
			);
			path = Alert;
			sourceTree = "<group>";
		};
		7C59F64D2B38AC65004C138F /* WebView */ = {
			isa = PBXGroup;
			children = (
				7C5DD5CD2AFA43D2003F95B2 /* WebViewViewControllerDelegate.swift */,
				7C59F6472B38ABB9004C138F /* WebViewViewControllerProtocol.swift */,
				7C5DD5CB2AFA2E60003F95B2 /* WebViewViewController.swift */,
				7C59F6492B38AC31004C138F /* WebViewPresenterProtocol.swift */,
				7C59F64B2B38AC50004C138F /* WebViewPresenter.swift */,
			);
			path = WebView;
			sourceTree = "<group>";
		};
		7C5DD5CA2AFA22EC003F95B2 /* Auth */ = {
			isa = PBXGroup;
			children = (
				7C5DD5C62AF91083003F95B2 /* AuthConfiguration.swift */,
				7C5DD5C82AFA22E5003F95B2 /* AuthViewController.swift */,
				7C716FA22AFAB55000648C04 /* AuthViewControllerDelegate.swift */,
				7C59F64E2B392EAD004C138F /* AuthHelperProtocol.swift */,
				7C59F6502B392ECD004C138F /* AuthHelper.swift */,
				7C59F64D2B38AC65004C138F /* WebView */,
			);
			path = Auth;
			sourceTree = "<group>";
		};
		7C716F9E2AFAAF0900648C04 /* Oauth2Service */ = {
			isa = PBXGroup;
			children = (
				84F09AF72AFA86FF0052C19F /* OAuthTokenResponseBodyModel.swift */,
				84F09AFB2AFA87780052C19F /* OAuth2Service.swift */,
				7C8A57752B1CE97100DCBC45 /* StorageProtocol.swift */,
				7C8A57772B1CE9DC00DCBC45 /* OAuth2TokenStorage.swift */,
			);
			path = Oauth2Service;
			sourceTree = "<group>";
		};
		7C716FA12AFAB01E00648C04 /* SplashView */ = {
			isa = PBXGroup;
			children = (
				7C716F9F2AFAB00B00648C04 /* SplashViewController.swift */,
			);
			path = SplashView;
			sourceTree = "<group>";
		};
		7C716FA42AFB88C700648C04 /* Service Access Layer */ = {
			isa = PBXGroup;
			children = (
				844AEA032B1778710021813E /* Network Helpers */,
				7C716F9E2AFAAF0900648C04 /* Oauth2Service */,
				7C5DD5CA2AFA22EC003F95B2 /* Auth */,
				7CF0ABCB2B16316C00920A87 /* Profile Services */,
				7C8105452B21ECE9001A4206 /* ImagesListService */,
			);
			path = "Service Access Layer";
			sourceTree = "<group>";
		};
		7C8105452B21ECE9001A4206 /* ImagesListService */ = {
			isa = PBXGroup;
			children = (
				7C8105432B21ECD1001A4206 /* JSONPhotoResultModel.swift */,
				7C8105462B21EE2E001A4206 /* PhotosViewModel.swift */,
				7C8105482B21EEBA001A4206 /* ImagesListService.swift */,
			);
			path = ImagesListService;
			sourceTree = "<group>";
		};
		7C87CAF22B30D3A7009DE864 /* OneButtonAlert */ = {
			isa = PBXGroup;
			children = (
				844AEA0C2B18D0830021813E /* ErrorAlertPresenter.swift */,
				844AEA0A2B18D0650021813E /* ErrorAlertPresenterDelegate.swift */,
				844AEA082B18D0470021813E /* ErrorAlertPresenterProtocol.swift */,
				844AEA062B18D01C0021813E /* ErrorAlertModel.swift */,
			);
			path = OneButtonAlert;
			sourceTree = "<group>";
		};
		7C87CAF32B30D3BE009DE864 /* TwoButtonsAlert */ = {
			isa = PBXGroup;
			children = (
				7C87CAF62B30D687009DE864 /* AlertPresenterTwoButtonsDelegate.swift */,
				7C87CAF82B30DA12009DE864 /* AlertPresenterTwoButtonsProtocol.swift */,
				7C59F6402B3416C7004C138F /* ErrorAlert */,
				7C59F6412B3416D8004C138F /* Alert */,
			);
			path = TwoButtonsAlert;
			sourceTree = "<group>";
		};
		7CE040302B398D1E00DD3D76 /* WebViewTests */ = {
			isa = PBXGroup;
			children = (
				7CE040312B398D1E00DD3D76 /* WebViewTests.swift */,
				845A1CB12B3A99C400C2845F /* AuthHelperTests.swift */,
				845A1CAF2B3A984D00C2845F /* WebViewViewControllerSpy.swift */,
				84D2CAA22B3A8EC00069C25E /* WebViewPresenterSpy.swift */,
			);
			path = WebViewTests;
			sourceTree = "<group>";
		};
		7CF0ABCB2B16316C00920A87 /* Profile Services */ = {
			isa = PBXGroup;
			children = (
				7CF0ABC72B162F4200920A87 /* ProfileService.swift */,
				7CF0ABCC2B1631D200920A87 /* ProfileModel.swift */,
				7C8A576D2B18729400DCBC45 /* ProfileImageService.swift */,
				7CF0ABC92B162F8700920A87 /* JSONResultsModels.swift */,
			);
			path = "Profile Services";
			sourceTree = "<group>";
		};
		844AEA032B1778710021813E /* Network Helpers */ = {
			isa = PBXGroup;
			children = (
				844AEA012B1777D60021813E /* Constants.swift */,
				7CF0ABD02B170E4900920A87 /* NetworkError.swift */,
				844AEA042B18B0790021813E /* Extension+URLSession.swift */,
			);
			path = "Network Helpers";
			sourceTree = "<group>";
		};
		844AEA0E2B18DA890021813E /* Error Alert */ = {
			isa = PBXGroup;
			children = (
				7C87CAF22B30D3A7009DE864 /* OneButtonAlert */,
				7C87CAF32B30D3BE009DE864 /* TwoButtonsAlert */,
			);
			path = "Error Alert";
			sourceTree = "<group>";
		};
		845A1CA72B3A93F000C2845F /* ProfileViewTests */ = {
			isa = PBXGroup;
			children = (
				845A1CA82B3A93F000C2845F /* ProfileViewTests.swift */,
				7CA33F5C2B3ED06A00F25186 /* ProfileViewPresenterSpy.swift */,
			);
			path = ProfileViewTests;
			sourceTree = "<group>";
		};
		84EC42252ACFE2CC009BE44E = {
			isa = PBXGroup;
			children = (
				845C8D872B39E825001763E2 /* ImageFeed.xctestplan */,
				84EC42302ACFE2CC009BE44E /* ImageFeed */,
				7CE040302B398D1E00DD3D76 /* WebViewTests */,
				845A1CA72B3A93F000C2845F /* ProfileViewTests */,
				84EC422F2ACFE2CC009BE44E /* Products */,
			);
			sourceTree = "<group>";
		};
		84EC422F2ACFE2CC009BE44E /* Products */ = {
			isa = PBXGroup;
			children = (
				84EC422E2ACFE2CC009BE44E /* ImageFeed.app */,
				7CE0402F2B398D1E00DD3D76 /* WebViewTests.xctest */,
				845A1CA62B3A93F000C2845F /* ProfileViewTests.xctest */,
			);
			name = Products;
			sourceTree = "<group>";
		};
		84EC42302ACFE2CC009BE44E /* ImageFeed */ = {
			isa = PBXGroup;
			children = (
				7C8A578B2B1F963C00DCBC45 /* ImageFeed.entitlements */,
				84EC42312ACFE2CC009BE44E /* AppDelegate.swift */,
				84EC42332ACFE2CC009BE44E /* SceneDelegate.swift */,
				7C8A57822B1D2ACC00DCBC45 /* TabBarController.swift */,
				7C716FA42AFB88C700648C04 /* Service Access Layer */,
				84EC426A2AD08AF5009BE44E /* ImageListView */,
				7C716FA12AFAB01E00648C04 /* SplashView */,
				7C1611512AE14E82000E6B9E /* Profile */,
				7C1611542AE16A5F000E6B9E /* SingleImageViewController */,
				844AEA0E2B18DA890021813E /* Error Alert */,
				7C16115B2AE2604A000E6B9E /* SharingActivityPresenter */,
				84EC42372ACFE2CC009BE44E /* Main.storyboard */,
				84EC423A2ACFE2CF009BE44E /* Assets.xcassets */,
				84EC42452AD0646F009BE44E /* Helpers */,
				84EC423C2ACFE2CF009BE44E /* LaunchScreen.storyboard */,
				84EC423F2ACFE2D0009BE44E /* Info.plist */,
			);
			path = ImageFeed;
			sourceTree = "<group>";
		};
		84EC42452AD0646F009BE44E /* Helpers */ = {
			isa = PBXGroup;
			children = (
				7C59F63A2B337B2E004C138F /* CleanCookieStorage.swift */,
				7CF0ABC52B162B3B00920A87 /* UIBlockingProgressHUD.swift */,
				7C87CAEE2B305EEF009DE864 /* Array + Extension.swift */,
				7C81054C2B282B23001A4206 /* MyKFIndicator.swift */,
				841BF5512AD70074001C919E /* GradientView.swift */,
				84EC42462AD064C0009BE44E /* UIColors+Extensions.swift */,
				7C81054A2B22F266001A4206 /* String+Extensions.swift.swift */,
			);
			path = Helpers;
			sourceTree = "<group>";
		};
		84EC426A2AD08AF5009BE44E /* ImageListView */ = {
			isa = PBXGroup;
			children = (
				84EC42352ACFE2CC009BE44E /* ImagesListViewController.swift */,
				84EC42682AD08AD5009BE44E /* ImagesListCell.swift */,
				7C87CAF02B30635D009DE864 /* ImagesListCellDelegate.swift */,
			);
			path = ImageListView;
			sourceTree = "<group>";
		};
/* End PBXGroup section */

/* Begin PBXNativeTarget section */
		7CE0402E2B398D1E00DD3D76 /* WebViewTests */ = {
			isa = PBXNativeTarget;
			buildConfigurationList = 7CE040352B398D1E00DD3D76 /* Build configuration list for PBXNativeTarget "WebViewTests" */;
			buildPhases = (
				7CE0402B2B398D1E00DD3D76 /* Sources */,
				7CE0402C2B398D1E00DD3D76 /* Frameworks */,
				7CE0402D2B398D1E00DD3D76 /* Resources */,
			);
			buildRules = (
			);
			dependencies = (
				7CE040342B398D1E00DD3D76 /* PBXTargetDependency */,
			);
			name = WebViewTests;
			productName = WebViewTests;
			productReference = 7CE0402F2B398D1E00DD3D76 /* WebViewTests.xctest */;
			productType = "com.apple.product-type.bundle.unit-test";
		};
		845A1CA52B3A93F000C2845F /* ProfileViewTests */ = {
			isa = PBXNativeTarget;
			buildConfigurationList = 845A1CAE2B3A93F000C2845F /* Build configuration list for PBXNativeTarget "ProfileViewTests" */;
			buildPhases = (
				845A1CA22B3A93F000C2845F /* Sources */,
				845A1CA32B3A93F000C2845F /* Frameworks */,
				845A1CA42B3A93F000C2845F /* Resources */,
			);
			buildRules = (
			);
			dependencies = (
				845A1CAB2B3A93F000C2845F /* PBXTargetDependency */,
			);
			name = ProfileViewTests;
			productName = ImageFeedTests;
			productReference = 845A1CA62B3A93F000C2845F /* ProfileViewTests.xctest */;
			productType = "com.apple.product-type.bundle.unit-test";
		};
		84EC422D2ACFE2CC009BE44E /* ImageFeed */ = {
			isa = PBXNativeTarget;
			buildConfigurationList = 84EC42422ACFE2D0009BE44E /* Build configuration list for PBXNativeTarget "ImageFeed" */;
			buildPhases = (
				84EC422A2ACFE2CC009BE44E /* Sources */,
				84EC422B2ACFE2CC009BE44E /* Frameworks */,
				84EC422C2ACFE2CC009BE44E /* Resources */,
			);
			buildRules = (
			);
			dependencies = (
			);
			name = ImageFeed;
			packageProductDependencies = (
				7C8A576B2B17CB8F00DCBC45 /* ProgressHUD */,
				7C8A57702B19AA8D00DCBC45 /* Kingfisher */,
				7C8A57732B1CE92700DCBC45 /* SwiftKeychainWrapper */,
			);
			productName = ImageFeed;
			productReference = 84EC422E2ACFE2CC009BE44E /* ImageFeed.app */;
			productType = "com.apple.product-type.application";
		};
/* End PBXNativeTarget section */

/* Begin PBXProject section */
		84EC42262ACFE2CC009BE44E /* Project object */ = {
			isa = PBXProject;
			attributes = {
				BuildIndependentTargetsInParallel = 1;
				LastSwiftUpdateCheck = 1510;
				LastUpgradeCheck = 1430;
				TargetAttributes = {
					7CE0402E2B398D1E00DD3D76 = {
						CreatedOnToolsVersion = 15.1;
						TestTargetID = 84EC422D2ACFE2CC009BE44E;
					};
					845A1CA52B3A93F000C2845F = {
						CreatedOnToolsVersion = 15.1;
						TestTargetID = 84EC422D2ACFE2CC009BE44E;
					};
					84EC422D2ACFE2CC009BE44E = {
						CreatedOnToolsVersion = 14.3.1;
					};
				};
			};
			buildConfigurationList = 84EC42292ACFE2CC009BE44E /* Build configuration list for PBXProject "ImageFeed" */;
			compatibilityVersion = "Xcode 14.0";
			developmentRegion = en;
			hasScannedForEncodings = 0;
			knownRegions = (
				en,
				Base,
			);
			mainGroup = 84EC42252ACFE2CC009BE44E;
			packageReferences = (
				7C8A576A2B17CB8F00DCBC45 /* XCRemoteSwiftPackageReference "ProgressHUD" */,
				7C8A576F2B19AA8D00DCBC45 /* XCRemoteSwiftPackageReference "Kingfisher" */,
				7C8A57722B1CE92700DCBC45 /* XCRemoteSwiftPackageReference "SwiftKeychainWrapper" */,
			);
			productRefGroup = 84EC422F2ACFE2CC009BE44E /* Products */;
			projectDirPath = "";
			projectRoot = "";
			targets = (
				84EC422D2ACFE2CC009BE44E /* ImageFeed */,
				7CE0402E2B398D1E00DD3D76 /* WebViewTests */,
				845A1CA52B3A93F000C2845F /* ProfileViewTests */,
			);
		};
/* End PBXProject section */

/* Begin PBXResourcesBuildPhase section */
		7CE0402D2B398D1E00DD3D76 /* Resources */ = {
			isa = PBXResourcesBuildPhase;
			buildActionMask = 2147483647;
			files = (
			);
			runOnlyForDeploymentPostprocessing = 0;
		};
		845A1CA42B3A93F000C2845F /* Resources */ = {
			isa = PBXResourcesBuildPhase;
			buildActionMask = 2147483647;
			files = (
			);
			runOnlyForDeploymentPostprocessing = 0;
		};
		84EC422C2ACFE2CC009BE44E /* Resources */ = {
			isa = PBXResourcesBuildPhase;
			buildActionMask = 2147483647;
			files = (
				84EC423E2ACFE2CF009BE44E /* LaunchScreen.storyboard in Resources */,
				84EC423B2ACFE2CF009BE44E /* Assets.xcassets in Resources */,
				84EC42392ACFE2CC009BE44E /* Main.storyboard in Resources */,
			);
			runOnlyForDeploymentPostprocessing = 0;
		};
/* End PBXResourcesBuildPhase section */

/* Begin PBXSourcesBuildPhase section */
		7CE0402B2B398D1E00DD3D76 /* Sources */ = {
			isa = PBXSourcesBuildPhase;
			buildActionMask = 2147483647;
			files = (
				84D2CAA32B3A8EC00069C25E /* WebViewPresenterSpy.swift in Sources */,
				845A1CB22B3A99C400C2845F /* AuthHelperTests.swift in Sources */,
				845A1CB02B3A984D00C2845F /* WebViewViewControllerSpy.swift in Sources */,
				845A1CA02B3A929200C2845F /* WebViewTests.swift in Sources */,
			);
			runOnlyForDeploymentPostprocessing = 0;
		};
		845A1CA22B3A93F000C2845F /* Sources */ = {
			isa = PBXSourcesBuildPhase;
			buildActionMask = 2147483647;
			files = (
				7CA33F5D2B3ED06A00F25186 /* ProfileViewPresenterSpy.swift in Sources */,
				845A1CA92B3A93F000C2845F /* ProfileViewTests.swift in Sources */,
			);
			runOnlyForDeploymentPostprocessing = 0;
		};
		84EC422A2ACFE2CC009BE44E /* Sources */ = {
			isa = PBXSourcesBuildPhase;
			buildActionMask = 2147483647;
			files = (
				7C5DD5CC2AFA2E60003F95B2 /* WebViewViewController.swift in Sources */,
				84EC42362ACFE2CC009BE44E /* ImagesListViewController.swift in Sources */,
				84EC42322ACFE2CC009BE44E /* AppDelegate.swift in Sources */,
				7CA33F532B3D991D00F25186 /* ProfileViewHelperProtocol.swift in Sources */,
				841BF5522AD70074001C919E /* GradientView.swift in Sources */,
				84F09AF82AFA86FF0052C19F /* OAuthTokenResponseBodyModel.swift in Sources */,
				84EC42692AD08AD5009BE44E /* ImagesListCell.swift in Sources */,
				7C51F7E12B3BFD440096784D /* ProfileViewControllerProtocol.swift in Sources */,
				7C8A57782B1CE9DC00DCBC45 /* OAuth2TokenStorage.swift in Sources */,
				7C59F63B2B337B2E004C138F /* CleanCookieStorage.swift in Sources */,
				7CF0ABCD2B1631D200920A87 /* ProfileModel.swift in Sources */,
				7CA33F592B3EC23F00F25186 /* ProfileViewRouter.swift in Sources */,
				7C51F7E32B3BFD850096784D /* ProfileViewPresenterProtocol.swift in Sources */,
				7C1611502AE144BD000E6B9E /* ProfileViewController.swift in Sources */,
				7C8105472B21EE2E001A4206 /* PhotosViewModel.swift in Sources */,
				7CA33F572B3DD0B600F25186 /* ProfileViewModel.swift in Sources */,
				7C87CAF52B30D3EA009DE864 /* ErrorTwoButtonsAlertModel.swift in Sources */,
				7C5DD5CE2AFA43D2003F95B2 /* WebViewViewControllerDelegate.swift in Sources */,
				84EC42342ACFE2CC009BE44E /* SceneDelegate.swift in Sources */,
				7C1611582AE25200000E6B9E /* SharingActivityPresenterProtocol.swift in Sources */,
				7CF0ABCA2B162F8700920A87 /* JSONResultsModels.swift in Sources */,
				84F09AFC2AFA87780052C19F /* OAuth2Service.swift in Sources */,
				7C8A57762B1CE97100DCBC45 /* StorageProtocol.swift in Sources */,
				7C1611562AE2517B000E6B9E /* SharingActivityPresenter.swift in Sources */,
				7C81054D2B282B23001A4206 /* MyKFIndicator.swift in Sources */,
				7C51F7E52B3C03740096784D /* ProfileViewPesenter.swift in Sources */,
				844AEA0D2B18D0830021813E /* ErrorAlertPresenter.swift in Sources */,
				7C8105492B21EEBA001A4206 /* ImagesListService.swift in Sources */,
				7C5DD5C92AFA22E5003F95B2 /* AuthViewController.swift in Sources */,
				7C716FA02AFAB00B00648C04 /* SplashViewController.swift in Sources */,
				7CA33F552B3D9AB800F25186 /* ProfileViewHelper.swift in Sources */,
				7C1611532AE16743000E6B9E /* SingleImageViewController.swift in Sources */,
				7C59F64C2B38AC50004C138F /* WebViewPresenter.swift in Sources */,
				84EC42472AD064C0009BE44E /* UIColors+Extensions.swift in Sources */,
				7CA33F5B2B3EC26500F25186 /* ProfileViewRouterProtocol.swift in Sources */,
				84957CF12AE2D40F00C59155 /* SharingActivityPresenterDelegate.swift in Sources */,
				8448E8042B30AE5B00058A24 /* ErrorAlertPresenterTwoButtons.swift in Sources */,
				7C87CAEF2B305EEF009DE864 /* Array + Extension.swift in Sources */,
				7C87CAF92B30DA12009DE864 /* AlertPresenterTwoButtonsProtocol.swift in Sources */,
				844AEA092B18D0470021813E /* ErrorAlertPresenterProtocol.swift in Sources */,
				7C59F6512B392ECD004C138F /* AuthHelper.swift in Sources */,
				7C8A57832B1D2ACC00DCBC45 /* TabBarController.swift in Sources */,
				7C716FA32AFAB55000648C04 /* AuthViewControllerDelegate.swift in Sources */,
				844AEA0B2B18D0650021813E /* ErrorAlertPresenterDelegate.swift in Sources */,
				7C59F6482B38ABB9004C138F /* WebViewViewControllerProtocol.swift in Sources */,
				7C5DD5C72AF91083003F95B2 /* AuthConfiguration.swift in Sources */,
				7CF0ABD12B170E4900920A87 /* NetworkError.swift in Sources */,
				7C8105442B21ECD1001A4206 /* JSONPhotoResultModel.swift in Sources */,
				7CF0ABC62B162B3B00920A87 /* UIBlockingProgressHUD.swift in Sources */,
				7C87CAF72B30D687009DE864 /* AlertPresenterTwoButtonsDelegate.swift in Sources */,
				7C59F63F2B3410A2004C138F /* TwoButtonsAlertModel.swift in Sources */,
				844AEA052B18B0790021813E /* Extension+URLSession.swift in Sources */,
				7C8A576E2B18729400DCBC45 /* ProfileImageService.swift in Sources */,
				7C87CAF12B30635D009DE864 /* ImagesListCellDelegate.swift in Sources */,
				7C59F63D2B340F8C004C138F /* AlertPresenterTwoButtons.swift in Sources */,
				7CF0ABC82B162F4200920A87 /* ProfileService.swift in Sources */,
				7C59F64A2B38AC31004C138F /* WebViewPresenterProtocol.swift in Sources */,
				844AEA022B1777D60021813E /* Constants.swift in Sources */,
				844AEA072B18D01C0021813E /* ErrorAlertModel.swift in Sources */,
				7C81054B2B22F266001A4206 /* String+Extensions.swift.swift in Sources */,
				7C59F64F2B392EAD004C138F /* AuthHelperProtocol.swift in Sources */,
			);
			runOnlyForDeploymentPostprocessing = 0;
		};
/* End PBXSourcesBuildPhase section */

/* Begin PBXTargetDependency section */
		7CE040342B398D1E00DD3D76 /* PBXTargetDependency */ = {
			isa = PBXTargetDependency;
			target = 84EC422D2ACFE2CC009BE44E /* ImageFeed */;
			targetProxy = 7CE040332B398D1E00DD3D76 /* PBXContainerItemProxy */;
		};
		845A1CAB2B3A93F000C2845F /* PBXTargetDependency */ = {
			isa = PBXTargetDependency;
			target = 84EC422D2ACFE2CC009BE44E /* ImageFeed */;
			targetProxy = 845A1CAA2B3A93F000C2845F /* PBXContainerItemProxy */;
		};
/* End PBXTargetDependency section */

/* Begin PBXVariantGroup section */
		84EC42372ACFE2CC009BE44E /* Main.storyboard */ = {
			isa = PBXVariantGroup;
			children = (
				84EC42382ACFE2CC009BE44E /* Base */,
			);
			name = Main.storyboard;
			sourceTree = "<group>";
		};
		84EC423C2ACFE2CF009BE44E /* LaunchScreen.storyboard */ = {
			isa = PBXVariantGroup;
			children = (
				84EC423D2ACFE2CF009BE44E /* Base */,
			);
			name = LaunchScreen.storyboard;
			sourceTree = "<group>";
		};
/* End PBXVariantGroup section */

/* Begin XCBuildConfiguration section */
		7CE040362B398D1E00DD3D76 /* Debug */ = {
			isa = XCBuildConfiguration;
			buildSettings = {
				ASSETCATALOG_COMPILER_GENERATE_SWIFT_ASSET_SYMBOL_EXTENSIONS = YES;
				BUNDLE_LOADER = "$(TEST_HOST)";
				CODE_SIGN_STYLE = Automatic;
				CURRENT_PROJECT_VERSION = 1;
				DEVELOPMENT_TEAM = "";
				ENABLE_USER_SCRIPT_SANDBOXING = YES;
				GCC_C_LANGUAGE_STANDARD = gnu17;
				GENERATE_INFOPLIST_FILE = YES;
				IPHONEOS_DEPLOYMENT_TARGET = 16.1;
				LOCALIZATION_PREFERS_STRING_CATALOGS = YES;
				MARKETING_VERSION = 1.0;
				PRODUCT_BUNDLE_IDENTIFIER = ru.yandex.practicum.ImageFeed.WebViewTests;
				PRODUCT_NAME = "$(TARGET_NAME)";
				SUPPORTED_PLATFORMS = "iphoneos iphonesimulator";
				SUPPORTS_MACCATALYST = NO;
				SUPPORTS_MAC_DESIGNED_FOR_IPHONE_IPAD = NO;
				SWIFT_ACTIVE_COMPILATION_CONDITIONS = "DEBUG $(inherited)";
				SWIFT_EMIT_LOC_STRINGS = NO;
				SWIFT_VERSION = 5.0;
				TARGETED_DEVICE_FAMILY = 1;
				TEST_HOST = "$(BUILT_PRODUCTS_DIR)/ImageFeed.app/$(BUNDLE_EXECUTABLE_FOLDER_PATH)/ImageFeed";
			};
			name = Debug;
		};
		7CE040372B398D1E00DD3D76 /* Release */ = {
			isa = XCBuildConfiguration;
			buildSettings = {
				ASSETCATALOG_COMPILER_GENERATE_SWIFT_ASSET_SYMBOL_EXTENSIONS = YES;
				BUNDLE_LOADER = "$(TEST_HOST)";
				CODE_SIGN_STYLE = Automatic;
				CURRENT_PROJECT_VERSION = 1;
				DEVELOPMENT_TEAM = "";
				ENABLE_USER_SCRIPT_SANDBOXING = YES;
				GCC_C_LANGUAGE_STANDARD = gnu17;
				GENERATE_INFOPLIST_FILE = YES;
				IPHONEOS_DEPLOYMENT_TARGET = 16.1;
				LOCALIZATION_PREFERS_STRING_CATALOGS = YES;
				MARKETING_VERSION = 1.0;
				PRODUCT_BUNDLE_IDENTIFIER = ru.yandex.practicum.ImageFeed.WebViewTests;
				PRODUCT_NAME = "$(TARGET_NAME)";
				SUPPORTED_PLATFORMS = "iphoneos iphonesimulator";
				SUPPORTS_MACCATALYST = NO;
				SUPPORTS_MAC_DESIGNED_FOR_IPHONE_IPAD = NO;
				SWIFT_EMIT_LOC_STRINGS = NO;
				SWIFT_VERSION = 5.0;
				TARGETED_DEVICE_FAMILY = 1;
				TEST_HOST = "$(BUILT_PRODUCTS_DIR)/ImageFeed.app/$(BUNDLE_EXECUTABLE_FOLDER_PATH)/ImageFeed";
			};
			name = Release;
		};
		845A1CAC2B3A93F000C2845F /* Debug */ = {
			isa = XCBuildConfiguration;
			buildSettings = {
				ASSETCATALOG_COMPILER_GENERATE_SWIFT_ASSET_SYMBOL_EXTENSIONS = YES;
				BUNDLE_LOADER = "$(TEST_HOST)";
				CODE_SIGN_STYLE = Automatic;
				CURRENT_PROJECT_VERSION = 1;
				ENABLE_USER_SCRIPT_SANDBOXING = YES;
				GCC_C_LANGUAGE_STANDARD = gnu17;
				GENERATE_INFOPLIST_FILE = YES;
				IPHONEOS_DEPLOYMENT_TARGET = 17.2;
				LOCALIZATION_PREFERS_STRING_CATALOGS = YES;
				MARKETING_VERSION = 1.0;
				PRODUCT_BUNDLE_IDENTIFIER = ru.yandex.practicum.ImageFeed.ImageFeedTests;
				PRODUCT_NAME = "$(TARGET_NAME)";
				SWIFT_ACTIVE_COMPILATION_CONDITIONS = "DEBUG $(inherited)";
				SWIFT_EMIT_LOC_STRINGS = NO;
				SWIFT_VERSION = 5.0;
				TARGETED_DEVICE_FAMILY = "1,2";
				TEST_HOST = "$(BUILT_PRODUCTS_DIR)/ImageFeed.app/$(BUNDLE_EXECUTABLE_FOLDER_PATH)/ImageFeed";
			};
			name = Debug;
		};
		845A1CAD2B3A93F000C2845F /* Release */ = {
			isa = XCBuildConfiguration;
			buildSettings = {
				ASSETCATALOG_COMPILER_GENERATE_SWIFT_ASSET_SYMBOL_EXTENSIONS = YES;
				BUNDLE_LOADER = "$(TEST_HOST)";
				CODE_SIGN_STYLE = Automatic;
				CURRENT_PROJECT_VERSION = 1;
				ENABLE_USER_SCRIPT_SANDBOXING = YES;
				GCC_C_LANGUAGE_STANDARD = gnu17;
				GENERATE_INFOPLIST_FILE = YES;
				IPHONEOS_DEPLOYMENT_TARGET = 17.2;
				LOCALIZATION_PREFERS_STRING_CATALOGS = YES;
				MARKETING_VERSION = 1.0;
				PRODUCT_BUNDLE_IDENTIFIER = ru.yandex.practicum.ImageFeed.ImageFeedTests;
				PRODUCT_NAME = "$(TARGET_NAME)";
				SWIFT_EMIT_LOC_STRINGS = NO;
				SWIFT_VERSION = 5.0;
				TARGETED_DEVICE_FAMILY = "1,2";
				TEST_HOST = "$(BUILT_PRODUCTS_DIR)/ImageFeed.app/$(BUNDLE_EXECUTABLE_FOLDER_PATH)/ImageFeed";
			};
			name = Release;
		};
		84EC42402ACFE2D0009BE44E /* Debug */ = {
			isa = XCBuildConfiguration;
			buildSettings = {
				ALWAYS_SEARCH_USER_PATHS = NO;
				CLANG_ANALYZER_NONNULL = YES;
				CLANG_ANALYZER_NUMBER_OBJECT_CONVERSION = YES_AGGRESSIVE;
				CLANG_CXX_LANGUAGE_STANDARD = "gnu++20";
				CLANG_ENABLE_MODULES = YES;
				CLANG_ENABLE_OBJC_ARC = YES;
				CLANG_ENABLE_OBJC_WEAK = YES;
				CLANG_WARN_BLOCK_CAPTURE_AUTORELEASING = YES;
				CLANG_WARN_BOOL_CONVERSION = YES;
				CLANG_WARN_COMMA = YES;
				CLANG_WARN_CONSTANT_CONVERSION = YES;
				CLANG_WARN_DEPRECATED_OBJC_IMPLEMENTATIONS = YES;
				CLANG_WARN_DIRECT_OBJC_ISA_USAGE = YES_ERROR;
				CLANG_WARN_DOCUMENTATION_COMMENTS = YES;
				CLANG_WARN_EMPTY_BODY = YES;
				CLANG_WARN_ENUM_CONVERSION = YES;
				CLANG_WARN_INFINITE_RECURSION = YES;
				CLANG_WARN_INT_CONVERSION = YES;
				CLANG_WARN_NON_LITERAL_NULL_CONVERSION = YES;
				CLANG_WARN_OBJC_IMPLICIT_RETAIN_SELF = YES;
				CLANG_WARN_OBJC_LITERAL_CONVERSION = YES;
				CLANG_WARN_OBJC_ROOT_CLASS = YES_ERROR;
				CLANG_WARN_QUOTED_INCLUDE_IN_FRAMEWORK_HEADER = YES;
				CLANG_WARN_RANGE_LOOP_ANALYSIS = YES;
				CLANG_WARN_STRICT_PROTOTYPES = YES;
				CLANG_WARN_SUSPICIOUS_MOVE = YES;
				CLANG_WARN_UNGUARDED_AVAILABILITY = YES_AGGRESSIVE;
				CLANG_WARN_UNREACHABLE_CODE = YES;
				CLANG_WARN__DUPLICATE_METHOD_MATCH = YES;
				COPY_PHASE_STRIP = NO;
				DEBUG_INFORMATION_FORMAT = dwarf;
				ENABLE_STRICT_OBJC_MSGSEND = YES;
				ENABLE_TESTABILITY = YES;
				GCC_C_LANGUAGE_STANDARD = gnu11;
				GCC_DYNAMIC_NO_PIC = NO;
				GCC_NO_COMMON_BLOCKS = YES;
				GCC_OPTIMIZATION_LEVEL = 0;
				GCC_PREPROCESSOR_DEFINITIONS = (
					"DEBUG=1",
					"$(inherited)",
				);
				GCC_WARN_64_TO_32_BIT_CONVERSION = YES;
				GCC_WARN_ABOUT_RETURN_TYPE = YES_ERROR;
				GCC_WARN_UNDECLARED_SELECTOR = YES;
				GCC_WARN_UNINITIALIZED_AUTOS = YES_AGGRESSIVE;
				GCC_WARN_UNUSED_FUNCTION = YES;
				GCC_WARN_UNUSED_VARIABLE = YES;
				IPHONEOS_DEPLOYMENT_TARGET = 16.4;
				MTL_ENABLE_DEBUG_INFO = INCLUDE_SOURCE;
				MTL_FAST_MATH = YES;
				ONLY_ACTIVE_ARCH = YES;
				SDKROOT = iphoneos;
				SWIFT_ACTIVE_COMPILATION_CONDITIONS = DEBUG;
				SWIFT_OPTIMIZATION_LEVEL = "-Onone";
			};
			name = Debug;
		};
		84EC42412ACFE2D0009BE44E /* Release */ = {
			isa = XCBuildConfiguration;
			buildSettings = {
				ALWAYS_SEARCH_USER_PATHS = NO;
				CLANG_ANALYZER_NONNULL = YES;
				CLANG_ANALYZER_NUMBER_OBJECT_CONVERSION = YES_AGGRESSIVE;
				CLANG_CXX_LANGUAGE_STANDARD = "gnu++20";
				CLANG_ENABLE_MODULES = YES;
				CLANG_ENABLE_OBJC_ARC = YES;
				CLANG_ENABLE_OBJC_WEAK = YES;
				CLANG_WARN_BLOCK_CAPTURE_AUTORELEASING = YES;
				CLANG_WARN_BOOL_CONVERSION = YES;
				CLANG_WARN_COMMA = YES;
				CLANG_WARN_CONSTANT_CONVERSION = YES;
				CLANG_WARN_DEPRECATED_OBJC_IMPLEMENTATIONS = YES;
				CLANG_WARN_DIRECT_OBJC_ISA_USAGE = YES_ERROR;
				CLANG_WARN_DOCUMENTATION_COMMENTS = YES;
				CLANG_WARN_EMPTY_BODY = YES;
				CLANG_WARN_ENUM_CONVERSION = YES;
				CLANG_WARN_INFINITE_RECURSION = YES;
				CLANG_WARN_INT_CONVERSION = YES;
				CLANG_WARN_NON_LITERAL_NULL_CONVERSION = YES;
				CLANG_WARN_OBJC_IMPLICIT_RETAIN_SELF = YES;
				CLANG_WARN_OBJC_LITERAL_CONVERSION = YES;
				CLANG_WARN_OBJC_ROOT_CLASS = YES_ERROR;
				CLANG_WARN_QUOTED_INCLUDE_IN_FRAMEWORK_HEADER = YES;
				CLANG_WARN_RANGE_LOOP_ANALYSIS = YES;
				CLANG_WARN_STRICT_PROTOTYPES = YES;
				CLANG_WARN_SUSPICIOUS_MOVE = YES;
				CLANG_WARN_UNGUARDED_AVAILABILITY = YES_AGGRESSIVE;
				CLANG_WARN_UNREACHABLE_CODE = YES;
				CLANG_WARN__DUPLICATE_METHOD_MATCH = YES;
				COPY_PHASE_STRIP = NO;
				DEBUG_INFORMATION_FORMAT = "dwarf-with-dsym";
				ENABLE_NS_ASSERTIONS = NO;
				ENABLE_STRICT_OBJC_MSGSEND = YES;
				GCC_C_LANGUAGE_STANDARD = gnu11;
				GCC_NO_COMMON_BLOCKS = YES;
				GCC_WARN_64_TO_32_BIT_CONVERSION = YES;
				GCC_WARN_ABOUT_RETURN_TYPE = YES_ERROR;
				GCC_WARN_UNDECLARED_SELECTOR = YES;
				GCC_WARN_UNINITIALIZED_AUTOS = YES_AGGRESSIVE;
				GCC_WARN_UNUSED_FUNCTION = YES;
				GCC_WARN_UNUSED_VARIABLE = YES;
				IPHONEOS_DEPLOYMENT_TARGET = 16.4;
				MTL_ENABLE_DEBUG_INFO = NO;
				MTL_FAST_MATH = YES;
				SDKROOT = iphoneos;
				SWIFT_COMPILATION_MODE = wholemodule;
				SWIFT_OPTIMIZATION_LEVEL = "-O";
				VALIDATE_PRODUCT = YES;
			};
			name = Release;
		};
		84EC42432ACFE2D0009BE44E /* Debug */ = {
			isa = XCBuildConfiguration;
			buildSettings = {
				ASSETCATALOG_COMPILER_APPICON_NAME = AppIcon;
				ASSETCATALOG_COMPILER_GLOBAL_ACCENT_COLOR_NAME = AccentColor;
				CODE_SIGN_ENTITLEMENTS = ImageFeed/ImageFeed.entitlements;
				CODE_SIGN_STYLE = Automatic;
				CURRENT_PROJECT_VERSION = 1;
				DEVELOPMENT_TEAM = "";
				GENERATE_INFOPLIST_FILE = YES;
				INFOPLIST_FILE = ImageFeed/Info.plist;
				INFOPLIST_KEY_UIApplicationSupportsIndirectInputEvents = YES;
				INFOPLIST_KEY_UILaunchStoryboardName = LaunchScreen;
				INFOPLIST_KEY_UIMainStoryboardFile = Main;
				INFOPLIST_KEY_UISupportedInterfaceOrientations = UIInterfaceOrientationPortrait;
				IPHONEOS_DEPLOYMENT_TARGET = 13.0;
				LD_RUNPATH_SEARCH_PATHS = (
					"$(inherited)",
					"@executable_path/Frameworks",
				);
				MARKETING_VERSION = 1.0;
				PRODUCT_BUNDLE_IDENTIFIER = ru.yandex.practicum.ImageFeed;
				PRODUCT_NAME = "$(TARGET_NAME)";
				SUPPORTED_PLATFORMS = "iphoneos iphonesimulator";
				SUPPORTS_MACCATALYST = NO;
				SUPPORTS_MAC_DESIGNED_FOR_IPHONE_IPAD = NO;
				SWIFT_EMIT_LOC_STRINGS = YES;
				SWIFT_VERSION = 5.0;
				TARGETED_DEVICE_FAMILY = 1;
			};
			name = Debug;
		};
		84EC42442ACFE2D0009BE44E /* Release */ = {
			isa = XCBuildConfiguration;
			buildSettings = {
				ASSETCATALOG_COMPILER_APPICON_NAME = AppIcon;
				ASSETCATALOG_COMPILER_GLOBAL_ACCENT_COLOR_NAME = AccentColor;
				CODE_SIGN_ENTITLEMENTS = ImageFeed/ImageFeed.entitlements;
				CODE_SIGN_STYLE = Automatic;
				CURRENT_PROJECT_VERSION = 1;
				DEVELOPMENT_TEAM = "";
				GENERATE_INFOPLIST_FILE = YES;
				INFOPLIST_FILE = ImageFeed/Info.plist;
				INFOPLIST_KEY_UIApplicationSupportsIndirectInputEvents = YES;
				INFOPLIST_KEY_UILaunchStoryboardName = LaunchScreen;
				INFOPLIST_KEY_UIMainStoryboardFile = Main;
				INFOPLIST_KEY_UISupportedInterfaceOrientations = UIInterfaceOrientationPortrait;
				IPHONEOS_DEPLOYMENT_TARGET = 13.0;
				LD_RUNPATH_SEARCH_PATHS = (
					"$(inherited)",
					"@executable_path/Frameworks",
				);
				MARKETING_VERSION = 1.0;
				PRODUCT_BUNDLE_IDENTIFIER = ru.yandex.practicum.ImageFeed;
				PRODUCT_NAME = "$(TARGET_NAME)";
				SUPPORTED_PLATFORMS = "iphoneos iphonesimulator";
				SUPPORTS_MACCATALYST = NO;
				SUPPORTS_MAC_DESIGNED_FOR_IPHONE_IPAD = NO;
				SWIFT_EMIT_LOC_STRINGS = YES;
				SWIFT_VERSION = 5.0;
				TARGETED_DEVICE_FAMILY = 1;
			};
			name = Release;
		};
/* End XCBuildConfiguration section */

/* Begin XCConfigurationList section */
		7CE040352B398D1E00DD3D76 /* Build configuration list for PBXNativeTarget "WebViewTests" */ = {
			isa = XCConfigurationList;
			buildConfigurations = (
				7CE040362B398D1E00DD3D76 /* Debug */,
				7CE040372B398D1E00DD3D76 /* Release */,
			);
			defaultConfigurationIsVisible = 0;
			defaultConfigurationName = Release;
		};
		845A1CAE2B3A93F000C2845F /* Build configuration list for PBXNativeTarget "ProfileViewTests" */ = {
			isa = XCConfigurationList;
			buildConfigurations = (
				845A1CAC2B3A93F000C2845F /* Debug */,
				845A1CAD2B3A93F000C2845F /* Release */,
			);
			defaultConfigurationIsVisible = 0;
			defaultConfigurationName = Release;
		};
		84EC42292ACFE2CC009BE44E /* Build configuration list for PBXProject "ImageFeed" */ = {
			isa = XCConfigurationList;
			buildConfigurations = (
				84EC42402ACFE2D0009BE44E /* Debug */,
				84EC42412ACFE2D0009BE44E /* Release */,
			);
			defaultConfigurationIsVisible = 0;
			defaultConfigurationName = Release;
		};
		84EC42422ACFE2D0009BE44E /* Build configuration list for PBXNativeTarget "ImageFeed" */ = {
			isa = XCConfigurationList;
			buildConfigurations = (
				84EC42432ACFE2D0009BE44E /* Debug */,
				84EC42442ACFE2D0009BE44E /* Release */,
			);
			defaultConfigurationIsVisible = 0;
			defaultConfigurationName = Release;
		};
/* End XCConfigurationList section */

/* Begin XCRemoteSwiftPackageReference section */
		7C8A576A2B17CB8F00DCBC45 /* XCRemoteSwiftPackageReference "ProgressHUD" */ = {
			isa = XCRemoteSwiftPackageReference;
			repositoryURL = "https://github.com/relatedcode/ProgressHUD";
			requirement = {
				kind = upToNextMajorVersion;
				minimumVersion = 13.8.6;
			};
		};
		7C8A576F2B19AA8D00DCBC45 /* XCRemoteSwiftPackageReference "Kingfisher" */ = {
			isa = XCRemoteSwiftPackageReference;
			repositoryURL = "https://github.com/onevcat/Kingfisher.git";
			requirement = {
				kind = upToNextMajorVersion;
				minimumVersion = 7.0.0;
			};
		};
		7C8A57722B1CE92700DCBC45 /* XCRemoteSwiftPackageReference "SwiftKeychainWrapper" */ = {
			isa = XCRemoteSwiftPackageReference;
			repositoryURL = "https://github.com/jrendel/SwiftKeychainWrapper";
			requirement = {
				kind = upToNextMajorVersion;
				minimumVersion = 4.0.0;
			};
		};
/* End XCRemoteSwiftPackageReference section */

/* Begin XCSwiftPackageProductDependency section */
		7C8A576B2B17CB8F00DCBC45 /* ProgressHUD */ = {
			isa = XCSwiftPackageProductDependency;
			package = 7C8A576A2B17CB8F00DCBC45 /* XCRemoteSwiftPackageReference "ProgressHUD" */;
			productName = ProgressHUD;
		};
		7C8A57702B19AA8D00DCBC45 /* Kingfisher */ = {
			isa = XCSwiftPackageProductDependency;
			package = 7C8A576F2B19AA8D00DCBC45 /* XCRemoteSwiftPackageReference "Kingfisher" */;
			productName = Kingfisher;
		};
		7C8A57732B1CE92700DCBC45 /* SwiftKeychainWrapper */ = {
			isa = XCSwiftPackageProductDependency;
			package = 7C8A57722B1CE92700DCBC45 /* XCRemoteSwiftPackageReference "SwiftKeychainWrapper" */;
			productName = SwiftKeychainWrapper;
		};
/* End XCSwiftPackageProductDependency section */
	};
	rootObject = 84EC42262ACFE2CC009BE44E /* Project object */;
}
